
Microsoft Visual Studio Solution File, Format Version 12.00
# Visual Studio 15
VisualStudioVersion = 15.0.26228.12
MinimumVisualStudioVersion = 10.0.40219.1
Project("{FAE04EC0-301F-11D3-BF4B-00C04F79EFBC}") = "HomeWorkoutApp", "HomeWorkoutApp\HomeWorkoutApp.csproj", "{E58F90DE-7A80-43C8-A6C7-6A723CAB6CC1}"
EndProject
Project("{FAE04EC0-301F-11D3-BF4B-00C04F79EFBC}") = "Tests", "Tests\Tests.csproj", "{3A90755F-35D7-4C55-85FE-199FDB72C71D}"
EndProject
Global
	GlobalSection(SolutionConfigurationPlatforms) = preSolution
		Debug|Any CPU = Debug|Any CPU
		Release|Any CPU = Release|Any CPU
	EndGlobalSection
	GlobalSection(ProjectConfigurationPlatforms) = postSolution
		{E58F90DE-7A80-43C8-A6C7-6A723CAB6CC1}.Debug|Any CPU.ActiveCfg = Debug|Any CPU
		{E58F90DE-7A80-43C8-A6C7-6A723CAB6CC1}.Debug|Any CPU.Build.0 = Debug|Any CPU
		{E58F90DE-7A80-43C8-A6C7-6A723CAB6CC1}.Debug|Any CPU.Deploy.0 = Debug|Any CPU
		{E58F90DE-7A80-43C8-A6C7-6A723CAB6CC1}.Release|Any CPU.ActiveCfg = Release|Any CPU
		{E58F90DE-7A80-43C8-A6C7-6A723CAB6CC1}.Release|Any CPU.Build.0 = Release|Any CPU
		{E58F90DE-7A80-43C8-A6C7-6A723CAB6CC1}.Release|Any CPU.Deploy.0 = Release|Any CPU
		{3A90755F-35D7-4C55-85FE-199FDB72C71D}.Debug|Any CPU.ActiveCfg = Debug|Any CPU
		{3A90755F-35D7-4C55-85FE-199FDB72C71D}.Debug|Any CPU.Build.0 = Debug|Any CPU
		{3A90755F-35D7-4C55-85FE-199FDB72C71D}.Release|Any CPU.ActiveCfg = Release|Any CPU
		{3A90755F-35D7-4C55-85FE-199FDB72C71D}.Release|Any CPU.Build.0 = Release|Any CPU
	EndGlobalSection
	GlobalSection(SolutionProperties) = preSolution
		HideSolutionNode = FALSE
	EndGlobalSection
EndGlobal
